
Microsoft Visual Studio Solution File, Format Version 12.00
# Visual Studio Version 17
VisualStudioVersion = 17.7.34031.279
MinimumVisualStudioVersion = 10.0.40219.1
Project("{FAE04EC0-301F-11D3-BF4B-00C04F79EFBC}") = "LeetCode 2038", "LeetCode 2038\LeetCode 2038.csproj", "{D1978B29-AF79-42E6-836F-038AAD10C742}"
EndProject
Global
	GlobalSection(SolutionConfigurationPlatforms) = preSolution
		Debug|Any CPU = Debug|Any CPU
		Release|Any CPU = Release|Any CPU
	EndGlobalSection
	GlobalSection(ProjectConfigurationPlatforms) = postSolution
		{D1978B29-AF79-42E6-836F-038AAD10C742}.Debug|Any CPU.ActiveCfg = Debug|Any CPU
		{D1978B29-AF79-42E6-836F-038AAD10C742}.Debug|Any CPU.Build.0 = Debug|Any CPU
		{D1978B29-AF79-42E6-836F-038AAD10C742}.Release|Any CPU.ActiveCfg = Release|Any CPU
		{D1978B29-AF79-42E6-836F-038AAD10C742}.Release|Any CPU.Build.0 = Release|Any CPU
	EndGlobalSection
	GlobalSection(SolutionProperties) = preSolution
		HideSolutionNode = FALSE
	EndGlobalSection
	GlobalSection(ExtensibilityGlobals) = postSolution
		SolutionGuid = {B3A61404-2038-4A4D-BCBF-3EF79145D317}
	EndGlobalSection
EndGlobal
